
Microsoft Visual Studio Solution File, Format Version 12.00
# Visual Studio Version 16
VisualStudioVersion = 16.0.29709.97
MinimumVisualStudioVersion = 15.0.26124.0
Project("{9A19103F-16F7-4668-BE54-9A1E7A4F7556}") = "Lexica", "Lexica\Lexica.csproj", "{D92B9187-918A-47AC-86D5-86ACA9B3F0C7}"
EndProject
Global
	GlobalSection(SolutionConfigurationPlatforms) = preSolution
		Debug|Any CPU = Debug|Any CPU
		Debug|x64 = Debug|x64
		Debug|x86 = Debug|x86
		Release|Any CPU = Release|Any CPU
		Release|x64 = Release|x64
		Release|x86 = Release|x86
	EndGlobalSection
	GlobalSection(ProjectConfigurationPlatforms) = postSolution
		{D92B9187-918A-47AC-86D5-86ACA9B3F0C7}.Debug|Any CPU.ActiveCfg = Debug|Any CPU
		{D92B9187-918A-47AC-86D5-86ACA9B3F0C7}.Debug|Any CPU.Build.0 = Debug|Any CPU
		{D92B9187-918A-47AC-86D5-86ACA9B3F0C7}.Debug|x64.ActiveCfg = Debug|Any CPU
		{D92B9187-918A-47AC-86D5-86ACA9B3F0C7}.Debug|x64.Build.0 = Debug|Any CPU
		{D92B9187-918A-47AC-86D5-86ACA9B3F0C7}.Debug|x86.ActiveCfg = Debug|Any CPU
		{D92B9187-918A-47AC-86D5-86ACA9B3F0C7}.Debug|x86.Build.0 = Debug|Any CPU
		{D92B9187-918A-47AC-86D5-86ACA9B3F0C7}.Release|Any CPU.ActiveCfg = Release|Any CPU
		{D92B9187-918A-47AC-86D5-86ACA9B3F0C7}.Release|Any CPU.Build.0 = Release|Any CPU
		{D92B9187-918A-47AC-86D5-86ACA9B3F0C7}.Release|x64.ActiveCfg = Release|Any CPU
		{D92B9187-918A-47AC-86D5-86ACA9B3F0C7}.Release|x64.Build.0 = Release|Any CPU
		{D92B9187-918A-47AC-86D5-86ACA9B3F0C7}.Release|x86.ActiveCfg = Release|Any CPU
		{D92B9187-918A-47AC-86D5-86ACA9B3F0C7}.Release|x86.Build.0 = Release|Any CPU
	EndGlobalSection
	GlobalSection(SolutionProperties) = preSolution
		HideSolutionNode = FALSE
	EndGlobalSection
	GlobalSection(ExtensibilityGlobals) = postSolution
		SolutionGuid = {CB4DB48C-81CF-4753-95D7-04CFE51C4688}
	EndGlobalSection
EndGlobal
